
Microsoft Visual Studio Solution File, Format Version 12.00
# Visual Studio Version 17
VisualStudioVersion = 17.0.32112.339
MinimumVisualStudioVersion = 10.0.40219.1
Project("{9A19103F-16F7-4668-BE54-9A1E7A4F7556}") = "Movie.Web.Api", "Movie.Web.Api.csproj", "{6557B907-C1B3-472B-B648-C6410121622D}"
EndProject
Project("{9A19103F-16F7-4668-BE54-9A1E7A4F7556}") = "Movie.Data.Engine", "..\Movie.Data.Engine\Movie.Data.Engine.csproj", "{96909FEA-64C8-4C14-B511-4BC9B4CE3985}"
EndProject
Project("{9A19103F-16F7-4668-BE54-9A1E7A4F7556}") = "Movie.Operation.Engine", "..\Movie.Operation.Engine\Movie.Operation.Engine.csproj", "{C867DFFA-05D1-4407-BB73-A1DA0872FC33}"
EndProject
Project("{9A19103F-16F7-4668-BE54-9A1E7A4F7556}") = "Movie.Common", "..\Movie.Common\Movie.Common.csproj", "{43F02DD6-C14C-44F7-93B6-B32BD965DC29}"
EndProject
Project("{9A19103F-16F7-4668-BE54-9A1E7A4F7556}") = "Movie.Models", "..\Movie.Models\Movie.Models.csproj", "{7D0D14A3-3EDA-4228-80FF-E24BC5DDA957}"
EndProject
Project("{2150E333-8FDC-42A3-9474-1A3956D46DE8}") = "tests", "tests", "{5373A89D-19B2-4C47-86AA-F7908FF838D3}"
EndProject
Project("{2150E333-8FDC-42A3-9474-1A3956D46DE8}") = "source", "source", "{2118C9CB-26A4-4EC0-8848-3B5C82966397}"
EndProject
Project("{FAE04EC0-301F-11D3-BF4B-00C04F79EFBC}") = "Movie.Tests", "..\Tests\Movie.Tests.csproj", "{0DDDB847-1E6A-4D26-B9D2-84DF7C5C087F}"
EndProject
Global
	GlobalSection(SolutionConfigurationPlatforms) = preSolution
		Debug|Any CPU = Debug|Any CPU
		Release|Any CPU = Release|Any CPU
	EndGlobalSection
	GlobalSection(ProjectConfigurationPlatforms) = postSolution
		{6557B907-C1B3-472B-B648-C6410121622D}.Debug|Any CPU.ActiveCfg = Debug|Any CPU
		{6557B907-C1B3-472B-B648-C6410121622D}.Debug|Any CPU.Build.0 = Debug|Any CPU
		{6557B907-C1B3-472B-B648-C6410121622D}.Release|Any CPU.ActiveCfg = Release|Any CPU
		{6557B907-C1B3-472B-B648-C6410121622D}.Release|Any CPU.Build.0 = Release|Any CPU
		{96909FEA-64C8-4C14-B511-4BC9B4CE3985}.Debug|Any CPU.ActiveCfg = Debug|Any CPU
		{96909FEA-64C8-4C14-B511-4BC9B4CE3985}.Debug|Any CPU.Build.0 = Debug|Any CPU
		{96909FEA-64C8-4C14-B511-4BC9B4CE3985}.Release|Any CPU.ActiveCfg = Release|Any CPU
		{96909FEA-64C8-4C14-B511-4BC9B4CE3985}.Release|Any CPU.Build.0 = Release|Any CPU
		{C867DFFA-05D1-4407-BB73-A1DA0872FC33}.Debug|Any CPU.ActiveCfg = Debug|Any CPU
		{C867DFFA-05D1-4407-BB73-A1DA0872FC33}.Debug|Any CPU.Build.0 = Debug|Any CPU
		{C867DFFA-05D1-4407-BB73-A1DA0872FC33}.Release|Any CPU.ActiveCfg = Release|Any CPU
		{C867DFFA-05D1-4407-BB73-A1DA0872FC33}.Release|Any CPU.Build.0 = Release|Any CPU
		{43F02DD6-C14C-44F7-93B6-B32BD965DC29}.Debug|Any CPU.ActiveCfg = Debug|Any CPU
		{43F02DD6-C14C-44F7-93B6-B32BD965DC29}.Debug|Any CPU.Build.0 = Debug|Any CPU
		{43F02DD6-C14C-44F7-93B6-B32BD965DC29}.Release|Any CPU.ActiveCfg = Release|Any CPU
		{43F02DD6-C14C-44F7-93B6-B32BD965DC29}.Release|Any CPU.Build.0 = Release|Any CPU
		{7D0D14A3-3EDA-4228-80FF-E24BC5DDA957}.Debug|Any CPU.ActiveCfg = Debug|Any CPU
		{7D0D14A3-3EDA-4228-80FF-E24BC5DDA957}.Debug|Any CPU.Build.0 = Debug|Any CPU
		{7D0D14A3-3EDA-4228-80FF-E24BC5DDA957}.Release|Any CPU.ActiveCfg = Release|Any CPU
		{7D0D14A3-3EDA-4228-80FF-E24BC5DDA957}.Release|Any CPU.Build.0 = Release|Any CPU
		{0DDDB847-1E6A-4D26-B9D2-84DF7C5C087F}.Debug|Any CPU.ActiveCfg = Debug|Any CPU
		{0DDDB847-1E6A-4D26-B9D2-84DF7C5C087F}.Debug|Any CPU.Build.0 = Debug|Any CPU
		{0DDDB847-1E6A-4D26-B9D2-84DF7C5C087F}.Release|Any CPU.ActiveCfg = Release|Any CPU
		{0DDDB847-1E6A-4D26-B9D2-84DF7C5C087F}.Release|Any CPU.Build.0 = Release|Any CPU
	EndGlobalSection
	GlobalSection(SolutionProperties) = preSolution
		HideSolutionNode = FALSE
	EndGlobalSection
	GlobalSection(NestedProjects) = preSolution
		{6557B907-C1B3-472B-B648-C6410121622D} = {2118C9CB-26A4-4EC0-8848-3B5C82966397}
		{96909FEA-64C8-4C14-B511-4BC9B4CE3985} = {2118C9CB-26A4-4EC0-8848-3B5C82966397}
		{C867DFFA-05D1-4407-BB73-A1DA0872FC33} = {2118C9CB-26A4-4EC0-8848-3B5C82966397}
		{43F02DD6-C14C-44F7-93B6-B32BD965DC29} = {2118C9CB-26A4-4EC0-8848-3B5C82966397}
		{7D0D14A3-3EDA-4228-80FF-E24BC5DDA957} = {2118C9CB-26A4-4EC0-8848-3B5C82966397}
		{0DDDB847-1E6A-4D26-B9D2-84DF7C5C087F} = {5373A89D-19B2-4C47-86AA-F7908FF838D3}
	EndGlobalSection
	GlobalSection(ExtensibilityGlobals) = postSolution
		SolutionGuid = {D3AC5DDE-1537-4568-BE8C-EAE56E8F9484}
	EndGlobalSection
EndGlobal
